
Microsoft Visual Studio Solution File, Format Version 12.00
# Visual Studio 15
VisualStudioVersion = 15.0.28307.438
MinimumVisualStudioVersion = 10.0.40219.1
Project("{8BC9CEB8-8B4A-11D0-8D11-00A0C91BC942}") = "LearnOpenGL1_HelloWindow", "LearnOpenGL1\LearnOpenGL1.vcxproj", "{ACD81727-78FD-4BEC-89EB-FDF1E5F5006E}"
EndProject
Project("{8BC9CEB8-8B4A-11D0-8D11-00A0C91BC942}") = "LearnOpenGL2_DrawTriangle", "LearnOpenGL2_Draw2Triangle\LearnOpenGL2_Draw2Triangle.vcxproj", "{78C2415D-B882-4CEC-96B7-A488491531FD}"
EndProject
Project("{8BC9CEB8-8B4A-11D0-8D11-00A0C91BC942}") = "LearnOpenGL3_ShaderClass", "LearnOpenGL3_ShaderClass\LearnOpenGL3_ShaderClass.vcxproj", "{306917E8-02D7-4F72-A31E-68959BF9D7F9}"
EndProject
Project("{8BC9CEB8-8B4A-11D0-8D11-00A0C91BC942}") = "LearnOpenGL4_Texture", "LearnOpenGL4_Texture\LearnOpenGL4_Texture.vcxproj", "{71E3C827-A087-411F-B450-47E81396AA32}"
EndProject
Project("{8BC9CEB8-8B4A-11D0-8D11-00A0C91BC942}") = "LearnOpenGL5_Transform", "LearnOpenGL5_Transform\LearnOpenGL5_Transform.vcxproj", "{B0220C7C-197A-4A14-BE34-020B2D4E20B7}"
EndProject
Project("{8BC9CEB8-8B4A-11D0-8D11-00A0C91BC942}") = "LearnOpenGL6_SpaceTramsForm", "LearnOpenGL6_SpaceTramsForm\LearnOpenGL6_SpaceTramsForm.vcxproj", "{2329DCD0-D80A-4E85-A314-5B2E159FCF47}"
EndProject
Global
	GlobalSection(SolutionConfigurationPlatforms) = preSolution
		Debug|x64 = Debug|x64
		Debug|x86 = Debug|x86
		Release|x64 = Release|x64
		Release|x86 = Release|x86
	EndGlobalSection
	GlobalSection(ProjectConfigurationPlatforms) = postSolution
		{ACD81727-78FD-4BEC-89EB-FDF1E5F5006E}.Debug|x64.ActiveCfg = Debug|x64
		{ACD81727-78FD-4BEC-89EB-FDF1E5F5006E}.Debug|x64.Build.0 = Debug|x64
		{ACD81727-78FD-4BEC-89EB-FDF1E5F5006E}.Debug|x86.ActiveCfg = Debug|Win32
		{ACD81727-78FD-4BEC-89EB-FDF1E5F5006E}.Debug|x86.Build.0 = Debug|Win32
		{ACD81727-78FD-4BEC-89EB-FDF1E5F5006E}.Release|x64.ActiveCfg = Release|x64
		{ACD81727-78FD-4BEC-89EB-FDF1E5F5006E}.Release|x64.Build.0 = Release|x64
		{ACD81727-78FD-4BEC-89EB-FDF1E5F5006E}.Release|x86.ActiveCfg = Release|Win32
		{ACD81727-78FD-4BEC-89EB-FDF1E5F5006E}.Release|x86.Build.0 = Release|Win32
		{78C2415D-B882-4CEC-96B7-A488491531FD}.Debug|x64.ActiveCfg = Debug|x64
		{78C2415D-B882-4CEC-96B7-A488491531FD}.Debug|x64.Build.0 = Debug|x64
		{78C2415D-B882-4CEC-96B7-A488491531FD}.Debug|x86.ActiveCfg = Debug|Win32
		{78C2415D-B882-4CEC-96B7-A488491531FD}.Debug|x86.Build.0 = Debug|Win32
		{78C2415D-B882-4CEC-96B7-A488491531FD}.Release|x64.ActiveCfg = Release|x64
		{78C2415D-B882-4CEC-96B7-A488491531FD}.Release|x64.Build.0 = Release|x64
		{78C2415D-B882-4CEC-96B7-A488491531FD}.Release|x86.ActiveCfg = Release|Win32
		{78C2415D-B882-4CEC-96B7-A488491531FD}.Release|x86.Build.0 = Release|Win32
		{306917E8-02D7-4F72-A31E-68959BF9D7F9}.Debug|x64.ActiveCfg = Debug|x64
		{306917E8-02D7-4F72-A31E-68959BF9D7F9}.Debug|x64.Build.0 = Debug|x64
		{306917E8-02D7-4F72-A31E-68959BF9D7F9}.Debug|x86.ActiveCfg = Debug|Win32
		{306917E8-02D7-4F72-A31E-68959BF9D7F9}.Debug|x86.Build.0 = Debug|Win32
		{306917E8-02D7-4F72-A31E-68959BF9D7F9}.Release|x64.ActiveCfg = Release|x64
		{306917E8-02D7-4F72-A31E-68959BF9D7F9}.Release|x64.Build.0 = Release|x64
		{306917E8-02D7-4F72-A31E-68959BF9D7F9}.Release|x86.ActiveCfg = Release|Win32
		{306917E8-02D7-4F72-A31E-68959BF9D7F9}.Release|x86.Build.0 = Release|Win32
		{71E3C827-A087-411F-B450-47E81396AA32}.Debug|x64.ActiveCfg = Debug|x64
		{71E3C827-A087-411F-B450-47E81396AA32}.Debug|x64.Build.0 = Debug|x64
		{71E3C827-A087-411F-B450-47E81396AA32}.Debug|x86.ActiveCfg = Debug|Win32
		{71E3C827-A087-411F-B450-47E81396AA32}.Debug|x86.Build.0 = Debug|Win32
		{71E3C827-A087-411F-B450-47E81396AA32}.Release|x64.ActiveCfg = Release|x64
		{71E3C827-A087-411F-B450-47E81396AA32}.Release|x64.Build.0 = Release|x64
		{71E3C827-A087-411F-B450-47E81396AA32}.Release|x86.ActiveCfg = Release|Win32
		{71E3C827-A087-411F-B450-47E81396AA32}.Release|x86.Build.0 = Release|Win32
		{B0220C7C-197A-4A14-BE34-020B2D4E20B7}.Debug|x64.ActiveCfg = Debug|x64
		{B0220C7C-197A-4A14-BE34-020B2D4E20B7}.Debug|x64.Build.0 = Debug|x64
		{B0220C7C-197A-4A14-BE34-020B2D4E20B7}.Debug|x86.ActiveCfg = Debug|Win32
		{B0220C7C-197A-4A14-BE34-020B2D4E20B7}.Debug|x86.Build.0 = Debug|Win32
		{B0220C7C-197A-4A14-BE34-020B2D4E20B7}.Release|x64.ActiveCfg = Release|x64
		{B0220C7C-197A-4A14-BE34-020B2D4E20B7}.Release|x64.Build.0 = Release|x64
		{B0220C7C-197A-4A14-BE34-020B2D4E20B7}.Release|x86.ActiveCfg = Release|Win32
		{B0220C7C-197A-4A14-BE34-020B2D4E20B7}.Release|x86.Build.0 = Release|Win32
		{2329DCD0-D80A-4E85-A314-5B2E159FCF47}.Debug|x64.ActiveCfg = Debug|x64
		{2329DCD0-D80A-4E85-A314-5B2E159FCF47}.Debug|x64.Build.0 = Debug|x64
		{2329DCD0-D80A-4E85-A314-5B2E159FCF47}.Debug|x86.ActiveCfg = Debug|Win32
		{2329DCD0-D80A-4E85-A314-5B2E159FCF47}.Debug|x86.Build.0 = Debug|Win32
		{2329DCD0-D80A-4E85-A314-5B2E159FCF47}.Release|x64.ActiveCfg = Release|x64
		{2329DCD0-D80A-4E85-A314-5B2E159FCF47}.Release|x64.Build.0 = Release|x64
		{2329DCD0-D80A-4E85-A314-5B2E159FCF47}.Release|x86.ActiveCfg = Release|Win32
		{2329DCD0-D80A-4E85-A314-5B2E159FCF47}.Release|x86.Build.0 = Release|Win32
	EndGlobalSection
	GlobalSection(SolutionProperties) = preSolution
		HideSolutionNode = FALSE
	EndGlobalSection
	GlobalSection(ExtensibilityGlobals) = postSolution
		SolutionGuid = {E46F9A3E-77D3-4B89-947F-A0A954D63A73}
	EndGlobalSection
EndGlobal
