
Microsoft Visual Studio Solution File, Format Version 12.00
# Visual Studio Version 16
VisualStudioVersion = 16.0.30309.148
MinimumVisualStudioVersion = 10.0.40219.1
Project("{8BC9CEB8-8B4A-11D0-8D11-00A0C91BC942}") = "AdvanceOpenGL_1DepthTesting", "AdvanceOpengl_DepthTesting\AdvanceOpengl_DepthTesting.vcxproj", "{FB4CA96D-A067-4F25-AA8D-DD3E8A702013}"
EndProject
Project("{8BC9CEB8-8B4A-11D0-8D11-00A0C91BC942}") = "AdvanceOpenGL_2StencilTesting", "AdvanceOpenGL_StencilTesting\AdvanceOpenGL_StencilTesting.vcxproj", "{46CD8444-0E72-49A9-8BD1-71988309BAB6}"
EndProject
Project("{8BC9CEB8-8B4A-11D0-8D11-00A0C91BC942}") = "AdvanceOpenGL_3Blending", "AdvanceOpenGL_Blending\AdvanceOpenGL_Blending.vcxproj", "{6672711F-0DA3-42EF-9754-1B39BC7E5CE6}"
EndProject
Project("{8BC9CEB8-8B4A-11D0-8D11-00A0C91BC942}") = "AdvanceOpenGL_5FrameBuffers", "AdvanceOpenGL_5FrameBuffers\AdvanceOpenGL_5FrameBuffers.vcxproj", "{DCA790F1-1684-4268-95F4-F86A9858AC21}"
EndProject
Project("{8BC9CEB8-8B4A-11D0-8D11-00A0C91BC942}") = "AdvanceOpenGL_6Cubemaps", "AdvanceOpenGL_6CubeMaps\AdvanceOpenGL_6CubeMaps.vcxproj", "{0CBDBA2C-ABB5-4821-8CF0-6423A866A6B6}"
EndProject
Project("{8BC9CEB8-8B4A-11D0-8D11-00A0C91BC942}") = "AdvanceOpenGL_7AdvanceDataAndGLSL", "AdvanceOpenGL_7AdvanceDataAndGLSL\AdvanceOpenGL_7AdvanceDataAndGLSL.vcxproj", "{57A738CA-449B-4F26-8ADD-72C12F4862EF}"
EndProject
Global
	GlobalSection(SolutionConfigurationPlatforms) = preSolution
		Debug|x64 = Debug|x64
		Debug|x86 = Debug|x86
		Release|x64 = Release|x64
		Release|x86 = Release|x86
	EndGlobalSection
	GlobalSection(ProjectConfigurationPlatforms) = postSolution
		{FB4CA96D-A067-4F25-AA8D-DD3E8A702013}.Debug|x64.ActiveCfg = Debug|x64
		{FB4CA96D-A067-4F25-AA8D-DD3E8A702013}.Debug|x64.Build.0 = Debug|x64
		{FB4CA96D-A067-4F25-AA8D-DD3E8A702013}.Debug|x86.ActiveCfg = Debug|Win32
		{FB4CA96D-A067-4F25-AA8D-DD3E8A702013}.Debug|x86.Build.0 = Debug|Win32
		{FB4CA96D-A067-4F25-AA8D-DD3E8A702013}.Release|x64.ActiveCfg = Release|x64
		{FB4CA96D-A067-4F25-AA8D-DD3E8A702013}.Release|x64.Build.0 = Release|x64
		{FB4CA96D-A067-4F25-AA8D-DD3E8A702013}.Release|x86.ActiveCfg = Release|Win32
		{FB4CA96D-A067-4F25-AA8D-DD3E8A702013}.Release|x86.Build.0 = Release|Win32
		{46CD8444-0E72-49A9-8BD1-71988309BAB6}.Debug|x64.ActiveCfg = Debug|x64
		{46CD8444-0E72-49A9-8BD1-71988309BAB6}.Debug|x64.Build.0 = Debug|x64
		{46CD8444-0E72-49A9-8BD1-71988309BAB6}.Debug|x86.ActiveCfg = Debug|Win32
		{46CD8444-0E72-49A9-8BD1-71988309BAB6}.Debug|x86.Build.0 = Debug|Win32
		{46CD8444-0E72-49A9-8BD1-71988309BAB6}.Release|x64.ActiveCfg = Release|x64
		{46CD8444-0E72-49A9-8BD1-71988309BAB6}.Release|x64.Build.0 = Release|x64
		{46CD8444-0E72-49A9-8BD1-71988309BAB6}.Release|x86.ActiveCfg = Release|Win32
		{46CD8444-0E72-49A9-8BD1-71988309BAB6}.Release|x86.Build.0 = Release|Win32
		{6672711F-0DA3-42EF-9754-1B39BC7E5CE6}.Debug|x64.ActiveCfg = Debug|x64
		{6672711F-0DA3-42EF-9754-1B39BC7E5CE6}.Debug|x64.Build.0 = Debug|x64
		{6672711F-0DA3-42EF-9754-1B39BC7E5CE6}.Debug|x86.ActiveCfg = Debug|Win32
		{6672711F-0DA3-42EF-9754-1B39BC7E5CE6}.Debug|x86.Build.0 = Debug|Win32
		{6672711F-0DA3-42EF-9754-1B39BC7E5CE6}.Release|x64.ActiveCfg = Release|x64
		{6672711F-0DA3-42EF-9754-1B39BC7E5CE6}.Release|x64.Build.0 = Release|x64
		{6672711F-0DA3-42EF-9754-1B39BC7E5CE6}.Release|x86.ActiveCfg = Release|Win32
		{6672711F-0DA3-42EF-9754-1B39BC7E5CE6}.Release|x86.Build.0 = Release|Win32
		{DCA790F1-1684-4268-95F4-F86A9858AC21}.Debug|x64.ActiveCfg = Debug|x64
		{DCA790F1-1684-4268-95F4-F86A9858AC21}.Debug|x64.Build.0 = Debug|x64
		{DCA790F1-1684-4268-95F4-F86A9858AC21}.Debug|x86.ActiveCfg = Debug|Win32
		{DCA790F1-1684-4268-95F4-F86A9858AC21}.Debug|x86.Build.0 = Debug|Win32
		{DCA790F1-1684-4268-95F4-F86A9858AC21}.Release|x64.ActiveCfg = Release|x64
		{DCA790F1-1684-4268-95F4-F86A9858AC21}.Release|x64.Build.0 = Release|x64
		{DCA790F1-1684-4268-95F4-F86A9858AC21}.Release|x86.ActiveCfg = Release|Win32
		{DCA790F1-1684-4268-95F4-F86A9858AC21}.Release|x86.Build.0 = Release|Win32
		{0CBDBA2C-ABB5-4821-8CF0-6423A866A6B6}.Debug|x64.ActiveCfg = Debug|x64
		{0CBDBA2C-ABB5-4821-8CF0-6423A866A6B6}.Debug|x64.Build.0 = Debug|x64
		{0CBDBA2C-ABB5-4821-8CF0-6423A866A6B6}.Debug|x86.ActiveCfg = Debug|Win32
		{0CBDBA2C-ABB5-4821-8CF0-6423A866A6B6}.Debug|x86.Build.0 = Debug|Win32
		{0CBDBA2C-ABB5-4821-8CF0-6423A866A6B6}.Release|x64.ActiveCfg = Release|x64
		{0CBDBA2C-ABB5-4821-8CF0-6423A866A6B6}.Release|x64.Build.0 = Release|x64
		{0CBDBA2C-ABB5-4821-8CF0-6423A866A6B6}.Release|x86.ActiveCfg = Release|Win32
		{0CBDBA2C-ABB5-4821-8CF0-6423A866A6B6}.Release|x86.Build.0 = Release|Win32
		{57A738CA-449B-4F26-8ADD-72C12F4862EF}.Debug|x64.ActiveCfg = Debug|x64
		{57A738CA-449B-4F26-8ADD-72C12F4862EF}.Debug|x64.Build.0 = Debug|x64
		{57A738CA-449B-4F26-8ADD-72C12F4862EF}.Debug|x86.ActiveCfg = Debug|Win32
		{57A738CA-449B-4F26-8ADD-72C12F4862EF}.Debug|x86.Build.0 = Debug|Win32
		{57A738CA-449B-4F26-8ADD-72C12F4862EF}.Release|x64.ActiveCfg = Release|x64
		{57A738CA-449B-4F26-8ADD-72C12F4862EF}.Release|x64.Build.0 = Release|x64
		{57A738CA-449B-4F26-8ADD-72C12F4862EF}.Release|x86.ActiveCfg = Release|Win32
		{57A738CA-449B-4F26-8ADD-72C12F4862EF}.Release|x86.Build.0 = Release|Win32
	EndGlobalSection
	GlobalSection(SolutionProperties) = preSolution
		HideSolutionNode = FALSE
	EndGlobalSection
	GlobalSection(ExtensibilityGlobals) = postSolution
		SolutionGuid = {22A220CF-BBD6-4BE1-9296-D7A686A44A31}
	EndGlobalSection
EndGlobal
